
Microsoft Visual Studio Solution File, Format Version 12.00
# Visual Studio Version 17
VisualStudioVersion = 17.1.32319.34
MinimumVisualStudioVersion = 10.0.40219.1
Project("{FAE04EC0-301F-11D3-BF4B-00C04F79EFBC}") = "MPU Messenger", "MPU Messenger\MPU Messenger.csproj", "{86CB2471-A7C5-4427-9DE5-C60A445E860C}"
EndProject
Global
	GlobalSection(SolutionConfigurationPlatforms) = preSolution
		Debug|Any CPU = Debug|Any CPU
		Release|Any CPU = Release|Any CPU
	EndGlobalSection
	GlobalSection(ProjectConfigurationPlatforms) = postSolution
		{86CB2471-A7C5-4427-9DE5-C60A445E860C}.Debug|Any CPU.ActiveCfg = Debug|Any CPU
		{86CB2471-A7C5-4427-9DE5-C60A445E860C}.Debug|Any CPU.Build.0 = Debug|Any CPU
		{86CB2471-A7C5-4427-9DE5-C60A445E860C}.Release|Any CPU.ActiveCfg = Release|Any CPU
		{86CB2471-A7C5-4427-9DE5-C60A445E860C}.Release|Any CPU.Build.0 = Release|Any CPU
	EndGlobalSection
	GlobalSection(SolutionProperties) = preSolution
		HideSolutionNode = FALSE
	EndGlobalSection
	GlobalSection(ExtensibilityGlobals) = postSolution
		SolutionGuid = {1078F44D-2FAD-448C-B9D0-5D2FC6B7197C}
	EndGlobalSection
EndGlobal
